
Microsoft Visual Studio Solution File, Format Version 12.00
# Visual Studio Version 16
VisualStudioVersion = 16.0.31410.357
MinimumVisualStudioVersion = 10.0.40219.1
Project("{FAE04EC0-301F-11D3-BF4B-00C04F79EFBC}") = "UnitOfWork", "UnitOfWork\UnitOfWork.csproj", "{60681C52-C0C4-46DD-9B3C-8364B1A11C9D}"
EndProject
Global
	GlobalSection(SolutionConfigurationPlatforms) = preSolution
		Debug|Any CPU = Debug|Any CPU
		Release|Any CPU = Release|Any CPU
	EndGlobalSection
	GlobalSection(ProjectConfigurationPlatforms) = postSolution
		{60681C52-C0C4-46DD-9B3C-8364B1A11C9D}.Debug|Any CPU.ActiveCfg = Debug|Any CPU
		{60681C52-C0C4-46DD-9B3C-8364B1A11C9D}.Debug|Any CPU.Build.0 = Debug|Any CPU
		{60681C52-C0C4-46DD-9B3C-8364B1A11C9D}.Release|Any CPU.ActiveCfg = Release|Any CPU
		{60681C52-C0C4-46DD-9B3C-8364B1A11C9D}.Release|Any CPU.Build.0 = Release|Any CPU
	EndGlobalSection
	GlobalSection(SolutionProperties) = preSolution
		HideSolutionNode = FALSE
	EndGlobalSection
	GlobalSection(ExtensibilityGlobals) = postSolution
		SolutionGuid = {0365D475-E83B-4429-966A-21669BF317DC}
	EndGlobalSection
EndGlobal
